// !$*UTF8*$!
{
	archiveVersion = 1;
	classes = {
	};
	objectVersion = 51;
	objects = {

/* Begin PBXBuildFile section */
		6F23BEDC26E767210005BC4F /* StepsViewController.swift in Sources */ = {isa = PBXBuildFile; fileRef = 6F23BEDB26E767210005BC4F /* StepsViewController.swift */; };
		6F23BEDE26E7AF710005BC4F /* StepDirectEnum.swift in Sources */ = {isa = PBXBuildFile; fileRef = 6F23BEDD26E7AF710005BC4F /* StepDirectEnum.swift */; };
		6F23BEE026E7BE0E0005BC4F /* Settings.swift in Sources */ = {isa = PBXBuildFile; fileRef = 6F23BEDF26E7BE0E0005BC4F /* Settings.swift */; };
		6F23BEE426E7D4420005BC4F /* Extensions.swift in Sources */ = {isa = PBXBuildFile; fileRef = 6F23BEE326E7D4420005BC4F /* Extensions.swift */; };
		6F413ACE26E663BF00D076DD /* AppDelegate.swift in Sources */ = {isa = PBXBuildFile; fileRef = 6F413ACD26E663BF00D076DD /* AppDelegate.swift */; };
		6F413AD026E663BF00D076DD /* SceneDelegate.swift in Sources */ = {isa = PBXBuildFile; fileRef = 6F413ACF26E663BF00D076DD /* SceneDelegate.swift */; };
		6F413AD526E663C000D076DD /* Main.storyboard in Resources */ = {isa = PBXBuildFile; fileRef = 6F413AD326E663C000D076DD /* Main.storyboard */; };
		6F413AD726E663DB00D076DD /* Assets.xcassets in Resources */ = {isa = PBXBuildFile; fileRef = 6F413AD626E663DB00D076DD /* Assets.xcassets */; };
		6F413ADA26E663DB00D076DD /* LaunchScreen.storyboard in Resources */ = {isa = PBXBuildFile; fileRef = 6F413AD826E663DB00D076DD /* LaunchScreen.storyboard */; };
		6F413AE226E6649000D076DD /* ExcursionModel.swift in Sources */ = {isa = PBXBuildFile; fileRef = 6F413AE126E6649000D076DD /* ExcursionModel.swift */; };
		6F413AE426E6650600D076DD /* ExcursionStepModel.swift in Sources */ = {isa = PBXBuildFile; fileRef = 6F413AE326E6650600D076DD /* ExcursionStepModel.swift */; };
		6F413AE726E675DF00D076DD /* ExcursionListViewController.swift in Sources */ = {isa = PBXBuildFile; fileRef = 6F413AE626E675DF00D076DD /* ExcursionListViewController.swift */; };
		6F413AEB26E6790C00D076DD /* APIUnsplash.swift in Sources */ = {isa = PBXBuildFile; fileRef = 6F413AEA26E6790C00D076DD /* APIUnsplash.swift */; };
		6F413AED26E67B2600D076DD /* UnsplashModel.swift in Sources */ = {isa = PBXBuildFile; fileRef = 6F413AEC26E67B2600D076DD /* UnsplashModel.swift */; };
		6F413AEF26E67EB200D076DD /* MainViewController.swift in Sources */ = {isa = PBXBuildFile; fileRef = 6F413AEE26E67EB200D076DD /* MainViewController.swift */; };
		6F413AF226E6845A00D076DD /* PhotoTableViewCell.swift in Sources */ = {isa = PBXBuildFile; fileRef = 6F413AF126E6845A00D076DD /* PhotoTableViewCell.swift */; };
		6F9E67DE26E69D1E008B035E /* PlayerViewController.swift in Sources */ = {isa = PBXBuildFile; fileRef = 6F9E67DD26E69D1E008B035E /* PlayerViewController.swift */; };
		6F9E67E026E6A77C008B035E /* audio.mp3 in Resources */ = {isa = PBXBuildFile; fileRef = 6F9E67DF26E6A77B008B035E /* audio.mp3 */; };
		9B7C25519FF3E06F052753F2 /* Pods_WGTTestApp.framework in Frameworks */ = {isa = PBXBuildFile; fileRef = 8327F6D39EDB20CF1D159045 /* Pods_WGTTestApp.framework */; };
/* End PBXBuildFile section */

/* Begin PBXFileReference section */
		642622CC782CE79659B42DC1 /* Pods-WGTTestApp.release.xcconfig */ = {isa = PBXFileReference; includeInIndex = 1; lastKnownFileType = text.xcconfig; name = "Pods-WGTTestApp.release.xcconfig"; path = "Target Support Files/Pods-WGTTestApp/Pods-WGTTestApp.release.xcconfig"; sourceTree = "<group>"; };
		6F23BEDB26E767210005BC4F /* StepsViewController.swift */ = {isa = PBXFileReference; lastKnownFileType = sourcecode.swift; path = StepsViewController.swift; sourceTree = "<group>"; };
		6F23BEDD26E7AF710005BC4F /* StepDirectEnum.swift */ = {isa = PBXFileReference; lastKnownFileType = sourcecode.swift; path = StepDirectEnum.swift; sourceTree = "<group>"; };
		6F23BEDF26E7BE0E0005BC4F /* Settings.swift */ = {isa = PBXFileReference; lastKnownFileType = sourcecode.swift; path = Settings.swift; sourceTree = "<group>"; };
		6F23BEE326E7D4420005BC4F /* Extensions.swift */ = {isa = PBXFileReference; lastKnownFileType = sourcecode.swift; path = Extensions.swift; sourceTree = "<group>"; };
		6F413ACA26E663BF00D076DD /* WGTTestApp.app */ = {isa = PBXFileReference; explicitFileType = wrapper.application; includeInIndex = 0; path = WGTTestApp.app; sourceTree = BUILT_PRODUCTS_DIR; };
		6F413ACD26E663BF00D076DD /* AppDelegate.swift */ = {isa = PBXFileReference; lastKnownFileType = sourcecode.swift; path = AppDelegate.swift; sourceTree = "<group>"; };
		6F413ACF26E663BF00D076DD /* SceneDelegate.swift */ = {isa = PBXFileReference; lastKnownFileType = sourcecode.swift; path = SceneDelegate.swift; sourceTree = "<group>"; };
		6F413AD426E663C000D076DD /* Base */ = {isa = PBXFileReference; lastKnownFileType = file.storyboard; name = Base; path = Base.lproj/Main.storyboard; sourceTree = "<group>"; };
		6F413AD626E663DB00D076DD /* Assets.xcassets */ = {isa = PBXFileReference; lastKnownFileType = folder.assetcatalog; path = Assets.xcassets; sourceTree = "<group>"; };
		6F413AD926E663DB00D076DD /* Base */ = {isa = PBXFileReference; lastKnownFileType = file.storyboard; name = Base; path = Base.lproj/LaunchScreen.storyboard; sourceTree = "<group>"; };
		6F413ADB26E663DB00D076DD /* Info.plist */ = {isa = PBXFileReference; lastKnownFileType = text.plist.xml; path = Info.plist; sourceTree = "<group>"; };
		6F413AE126E6649000D076DD /* ExcursionModel.swift */ = {isa = PBXFileReference; lastKnownFileType = sourcecode.swift; path = ExcursionModel.swift; sourceTree = "<group>"; };
		6F413AE326E6650600D076DD /* ExcursionStepModel.swift */ = {isa = PBXFileReference; lastKnownFileType = sourcecode.swift; path = ExcursionStepModel.swift; sourceTree = "<group>"; };
		6F413AE626E675DF00D076DD /* ExcursionListViewController.swift */ = {isa = PBXFileReference; lastKnownFileType = sourcecode.swift; path = ExcursionListViewController.swift; sourceTree = "<group>"; };
		6F413AEA26E6790C00D076DD /* APIUnsplash.swift */ = {isa = PBXFileReference; lastKnownFileType = sourcecode.swift; path = APIUnsplash.swift; sourceTree = "<group>"; };
		6F413AEC26E67B2600D076DD /* UnsplashModel.swift */ = {isa = PBXFileReference; lastKnownFileType = sourcecode.swift; path = UnsplashModel.swift; sourceTree = "<group>"; };
		6F413AEE26E67EB200D076DD /* MainViewController.swift */ = {isa = PBXFileReference; lastKnownFileType = sourcecode.swift; path = MainViewController.swift; sourceTree = "<group>"; };
		6F413AF126E6845A00D076DD /* PhotoTableViewCell.swift */ = {isa = PBXFileReference; lastKnownFileType = sourcecode.swift; path = PhotoTableViewCell.swift; sourceTree = "<group>"; };
		6F9E67DD26E69D1E008B035E /* PlayerViewController.swift */ = {isa = PBXFileReference; lastKnownFileType = sourcecode.swift; path = PlayerViewController.swift; sourceTree = "<group>"; };
		6F9E67DF26E6A77B008B035E /* audio.mp3 */ = {isa = PBXFileReference; lastKnownFileType = audio.mp3; path = audio.mp3; sourceTree = "<group>"; };
		8327F6D39EDB20CF1D159045 /* Pods_WGTTestApp.framework */ = {isa = PBXFileReference; explicitFileType = wrapper.framework; includeInIndex = 0; path = Pods_WGTTestApp.framework; sourceTree = BUILT_PRODUCTS_DIR; };
		F37FBEA9F3F12222D8B5BDBE /* Pods-WGTTestApp.debug.xcconfig */ = {isa = PBXFileReference; includeInIndex = 1; lastKnownFileType = text.xcconfig; name = "Pods-WGTTestApp.debug.xcconfig"; path = "Target Support Files/Pods-WGTTestApp/Pods-WGTTestApp.debug.xcconfig"; sourceTree = "<group>"; };
/* End PBXFileReference section */

/* Begin PBXFrameworksBuildPhase section */
		6F413AC726E663BF00D076DD /* Frameworks */ = {
			isa = PBXFrameworksBuildPhase;
			buildActionMask = 2147483647;
			files = (
				9B7C25519FF3E06F052753F2 /* Pods_WGTTestApp.framework in Frameworks */,
			);
			runOnlyForDeploymentPostprocessing = 0;
		};
/* End PBXFrameworksBuildPhase section */

/* Begin PBXGroup section */
		5E79A41C947D7B3F93979240 /* Frameworks */ = {
			isa = PBXGroup;
			children = (
				8327F6D39EDB20CF1D159045 /* Pods_WGTTestApp.framework */,
			);
			name = Frameworks;
			sourceTree = "<group>";
		};
		6F413AC126E663BF00D076DD = {
			isa = PBXGroup;
			children = (
				6F413ACC26E663BF00D076DD /* WGTTestApp */,
				6F413ACB26E663BF00D076DD /* Products */,
				C0E202E71DD9A84547CD9F83 /* Pods */,
				5E79A41C947D7B3F93979240 /* Frameworks */,
			);
			sourceTree = "<group>";
		};
		6F413ACB26E663BF00D076DD /* Products */ = {
			isa = PBXGroup;
			children = (
				6F413ACA26E663BF00D076DD /* WGTTestApp.app */,
			);
			name = Products;
			sourceTree = "<group>";
		};
		6F413ACC26E663BF00D076DD /* WGTTestApp */ = {
			isa = PBXGroup;
			children = (
				6F9E67E126E6BA38008B035E /* Helpers */,
				6F413AE526E6662C00D076DD /* Models */,
				6F413AF026E6801400D076DD /* Controllers */,
				6F413AD326E663C000D076DD /* Main.storyboard */,
				6F413ADB26E663DB00D076DD /* Info.plist */,
			);
			path = WGTTestApp;
			sourceTree = "<group>";
		};
		6F413AE526E6662C00D076DD /* Models */ = {
			isa = PBXGroup;
			children = (
				6F413AE126E6649000D076DD /* ExcursionModel.swift */,
				6F413AE326E6650600D076DD /* ExcursionStepModel.swift */,
				6F413AEC26E67B2600D076DD /* UnsplashModel.swift */,
				6F23BEDD26E7AF710005BC4F /* StepDirectEnum.swift */,
				6F23BEE326E7D4420005BC4F /* Extensions.swift */,
			);
			path = Models;
			sourceTree = "<group>";
		};
		6F413AF026E6801400D076DD /* Controllers */ = {
			isa = PBXGroup;
			children = (
				6F413AEE26E67EB200D076DD /* MainViewController.swift */,
				6F413AF126E6845A00D076DD /* PhotoTableViewCell.swift */,
				6F413AE626E675DF00D076DD /* ExcursionListViewController.swift */,
				6F9E67DD26E69D1E008B035E /* PlayerViewController.swift */,
				6F23BEDF26E7BE0E0005BC4F /* Settings.swift */,
				6F23BEDB26E767210005BC4F /* StepsViewController.swift */,
			);
			path = Controllers;
			sourceTree = "<group>";
		};
		6F9E67E126E6BA38008B035E /* Helpers */ = {
			isa = PBXGroup;
			children = (
				6F413ACD26E663BF00D076DD /* AppDelegate.swift */,
				6F413ACF26E663BF00D076DD /* SceneDelegate.swift */,
				6F413AEA26E6790C00D076DD /* APIUnsplash.swift */,
				6F9E67DF26E6A77B008B035E /* audio.mp3 */,
				6F413AD826E663DB00D076DD /* LaunchScreen.storyboard */,
				6F413AD626E663DB00D076DD /* Assets.xcassets */,
			);
			path = Helpers;
			sourceTree = "<group>";
		};
		C0E202E71DD9A84547CD9F83 /* Pods */ = {
			isa = PBXGroup;
			children = (
				F37FBEA9F3F12222D8B5BDBE /* Pods-WGTTestApp.debug.xcconfig */,
				642622CC782CE79659B42DC1 /* Pods-WGTTestApp.release.xcconfig */,
			);
			path = Pods;
			sourceTree = "<group>";
		};
/* End PBXGroup section */

/* Begin PBXNativeTarget section */
		6F413AC926E663BF00D076DD /* WGTTestApp */ = {
			isa = PBXNativeTarget;
			buildConfigurationList = 6F413ADE26E663DB00D076DD /* Build configuration list for PBXNativeTarget "WGTTestApp" */;
			buildPhases = (
				1F6945E55D1D3C971CB22CDA /* [CP] Check Pods Manifest.lock */,
				6F413AC626E663BF00D076DD /* Sources */,
				6F413AC726E663BF00D076DD /* Frameworks */,
				6F413AC826E663BF00D076DD /* Resources */,
				302C9B9D751613811AB0DD39 /* [CP] Embed Pods Frameworks */,
			);
			buildRules = (
			);
			dependencies = (
			);
			name = WGTTestApp;
			productName = WGTTestApp;
			productReference = 6F413ACA26E663BF00D076DD /* WGTTestApp.app */;
			productType = "com.apple.product-type.application";
		};
/* End PBXNativeTarget section */

/* Begin PBXProject section */
		6F413AC226E663BF00D076DD /* Project object */ = {
			isa = PBXProject;
			attributes = {
				LastSwiftUpdateCheck = 1250;
				LastUpgradeCheck = 1250;
				TargetAttributes = {
					6F413AC926E663BF00D076DD = {
						CreatedOnToolsVersion = 12.5.1;
					};
				};
			};
			buildConfigurationList = 6F413AC526E663BF00D076DD /* Build configuration list for PBXProject "WGTTestApp" */;
			compatibilityVersion = "Xcode 9.3";
			developmentRegion = en;
			hasScannedForEncodings = 0;
			knownRegions = (
				en,
				Base,
			);
			mainGroup = 6F413AC126E663BF00D076DD;
			productRefGroup = 6F413ACB26E663BF00D076DD /* Products */;
			projectDirPath = "";
			projectRoot = "";
			targets = (
				6F413AC926E663BF00D076DD /* WGTTestApp */,
			);
		};
/* End PBXProject section */

/* Begin PBXResourcesBuildPhase section */
		6F413AC826E663BF00D076DD /* Resources */ = {
			isa = PBXResourcesBuildPhase;
			buildActionMask = 2147483647;
			files = (
				6F413ADA26E663DB00D076DD /* LaunchScreen.storyboard in Resources */,
				6F9E67E026E6A77C008B035E /* audio.mp3 in Resources */,
				6F413AD726E663DB00D076DD /* Assets.xcassets in Resources */,
				6F413AD526E663C000D076DD /* Main.storyboard in Resources */,
			);
			runOnlyForDeploymentPostprocessing = 0;
		};
/* End PBXResourcesBuildPhase section */

/* Begin PBXShellScriptBuildPhase section */
		1F6945E55D1D3C971CB22CDA /* [CP] Check Pods Manifest.lock */ = {
			isa = PBXShellScriptBuildPhase;
			buildActionMask = 2147483647;
			files = (
			);
			inputFileListPaths = (
			);
			inputPaths = (
				"${PODS_PODFILE_DIR_PATH}/Podfile.lock",
				"${PODS_ROOT}/Manifest.lock",
			);
			name = "[CP] Check Pods Manifest.lock";
			outputFileListPaths = (
			);
			outputPaths = (
				"$(DERIVED_FILE_DIR)/Pods-WGTTestApp-checkManifestLockResult.txt",
			);
			runOnlyForDeploymentPostprocessing = 0;
			shellPath = /bin/sh;
			shellScript = "diff \"${PODS_PODFILE_DIR_PATH}/Podfile.lock\" \"${PODS_ROOT}/Manifest.lock\" > /dev/null\nif [ $? != 0 ] ; then\n    # print error to STDERR\n    echo \"error: The sandbox is not in sync with the Podfile.lock. Run 'pod install' or update your CocoaPods installation.\" >&2\n    exit 1\nfi\n# This output is used by Xcode 'outputs' to avoid re-running this script phase.\necho \"SUCCESS\" > \"${SCRIPT_OUTPUT_FILE_0}\"\n";
			showEnvVarsInLog = 0;
		};
		302C9B9D751613811AB0DD39 /* [CP] Embed Pods Frameworks */ = {
			isa = PBXShellScriptBuildPhase;
			buildActionMask = 2147483647;
			files = (
			);
			inputFileListPaths = (
				"${PODS_ROOT}/Target Support Files/Pods-WGTTestApp/Pods-WGTTestApp-frameworks-${CONFIGURATION}-input-files.xcfilelist",
			);
			name = "[CP] Embed Pods Frameworks";
			outputFileListPaths = (
				"${PODS_ROOT}/Target Support Files/Pods-WGTTestApp/Pods-WGTTestApp-frameworks-${CONFIGURATION}-output-files.xcfilelist",
			);
			runOnlyForDeploymentPostprocessing = 0;
			shellPath = /bin/sh;
			shellScript = "\"${PODS_ROOT}/Target Support Files/Pods-WGTTestApp/Pods-WGTTestApp-frameworks.sh\"\n";
			showEnvVarsInLog = 0;
		};
/* End PBXShellScriptBuildPhase section */

/* Begin PBXSourcesBuildPhase section */
		6F413AC626E663BF00D076DD /* Sources */ = {
			isa = PBXSourcesBuildPhase;
			buildActionMask = 2147483647;
			files = (
				6F413AED26E67B2600D076DD /* UnsplashModel.swift in Sources */,
				6F413AE426E6650600D076DD /* ExcursionStepModel.swift in Sources */,
				6F23BEE026E7BE0E0005BC4F /* Settings.swift in Sources */,
				6F413ACE26E663BF00D076DD /* AppDelegate.swift in Sources */,
				6F23BEDE26E7AF710005BC4F /* StepDirectEnum.swift in Sources */,
				6F413AEB26E6790C00D076DD /* APIUnsplash.swift in Sources */,
				6F413AE726E675DF00D076DD /* ExcursionListViewController.swift in Sources */,
				6F413AF226E6845A00D076DD /* PhotoTableViewCell.swift in Sources */,
				6F413AE226E6649000D076DD /* ExcursionModel.swift in Sources */,
				6F23BEDC26E767210005BC4F /* StepsViewController.swift in Sources */,
				6F413AD026E663BF00D076DD /* SceneDelegate.swift in Sources */,
				6F413AEF26E67EB200D076DD /* MainViewController.swift in Sources */,
				6F9E67DE26E69D1E008B035E /* PlayerViewController.swift in Sources */,
				6F23BEE426E7D4420005BC4F /* Extensions.swift in Sources */,
			);
			runOnlyForDeploymentPostprocessing = 0;
		};
/* End PBXSourcesBuildPhase section */

/* Begin PBXVariantGroup section */
		6F413AD326E663C000D076DD /* Main.storyboard */ = {
			isa = PBXVariantGroup;
			children = (
				6F413AD426E663C000D076DD /* Base */,
			);
			name = Main.storyboard;
			sourceTree = "<group>";
		};
		6F413AD826E663DB00D076DD /* LaunchScreen.storyboard */ = {
			isa = PBXVariantGroup;
			children = (
				6F413AD926E663DB00D076DD /* Base */,
			);
			name = LaunchScreen.storyboard;
			sourceTree = "<group>";
		};
/* End PBXVariantGroup section */

/* Begin XCBuildConfiguration section */
		6F413ADC26E663DB00D076DD /* Debug */ = {
			isa = XCBuildConfiguration;
			buildSettings = {
				ALWAYS_SEARCH_USER_PATHS = NO;
				CLANG_ANALYZER_NONNULL = YES;
				CLANG_ANALYZER_NUMBER_OBJECT_CONVERSION = YES_AGGRESSIVE;
				CLANG_CXX_LANGUAGE_STANDARD = "gnu++14";
				CLANG_CXX_LIBRARY = "libc++";
				CLANG_ENABLE_MODULES = YES;
				CLANG_ENABLE_OBJC_ARC = YES;
				CLANG_ENABLE_OBJC_WEAK = YES;
				CLANG_WARN_BLOCK_CAPTURE_AUTORELEASING = YES;
				CLANG_WARN_BOOL_CONVERSION = YES;
				CLANG_WARN_COMMA = YES;
				CLANG_WARN_CONSTANT_CONVERSION = YES;
				CLANG_WARN_DEPRECATED_OBJC_IMPLEMENTATIONS = YES;
				CLANG_WARN_DIRECT_OBJC_ISA_USAGE = YES_ERROR;
				CLANG_WARN_DOCUMENTATION_COMMENTS = YES;
				CLANG_WARN_EMPTY_BODY = YES;
				CLANG_WARN_ENUM_CONVERSION = YES;
				CLANG_WARN_INFINITE_RECURSION = YES;
				CLANG_WARN_INT_CONVERSION = YES;
				CLANG_WARN_NON_LITERAL_NULL_CONVERSION = YES;
				CLANG_WARN_OBJC_IMPLICIT_RETAIN_SELF = YES;
				CLANG_WARN_OBJC_LITERAL_CONVERSION = YES;
				CLANG_WARN_OBJC_ROOT_CLASS = YES_ERROR;
				CLANG_WARN_QUOTED_INCLUDE_IN_FRAMEWORK_HEADER = YES;
				CLANG_WARN_RANGE_LOOP_ANALYSIS = YES;
				CLANG_WARN_STRICT_PROTOTYPES = YES;
				CLANG_WARN_SUSPICIOUS_MOVE = YES;
				CLANG_WARN_UNGUARDED_AVAILABILITY = YES_AGGRESSIVE;
				CLANG_WARN_UNREACHABLE_CODE = YES;
				CLANG_WARN__DUPLICATE_METHOD_MATCH = YES;
				COPY_PHASE_STRIP = NO;
				DEBUG_INFORMATION_FORMAT = dwarf;
				ENABLE_STRICT_OBJC_MSGSEND = YES;
				ENABLE_TESTABILITY = YES;
				GCC_C_LANGUAGE_STANDARD = gnu11;
				GCC_DYNAMIC_NO_PIC = NO;
				GCC_NO_COMMON_BLOCKS = YES;
				GCC_OPTIMIZATION_LEVEL = 0;
				GCC_PREPROCESSOR_DEFINITIONS = (
					"DEBUG=1",
					"$(inherited)",
				);
				GCC_WARN_64_TO_32_BIT_CONVERSION = YES;
				GCC_WARN_ABOUT_RETURN_TYPE = YES_ERROR;
				GCC_WARN_UNDECLARED_SELECTOR = YES;
				GCC_WARN_UNINITIALIZED_AUTOS = YES_AGGRESSIVE;
				GCC_WARN_UNUSED_FUNCTION = YES;
				GCC_WARN_UNUSED_VARIABLE = YES;
				IPHONEOS_DEPLOYMENT_TARGET = 13.0;
				MTL_ENABLE_DEBUG_INFO = INCLUDE_SOURCE;
				MTL_FAST_MATH = YES;
				ONLY_ACTIVE_ARCH = YES;
				SDKROOT = iphoneos;
				SWIFT_ACTIVE_COMPILATION_CONDITIONS = DEBUG;
				SWIFT_OPTIMIZATION_LEVEL = "-Onone";
			};
			name = Debug;
		};
		6F413ADD26E663DB00D076DD /* Release */ = {
			isa = XCBuildConfiguration;
			buildSettings = {
				ALWAYS_SEARCH_USER_PATHS = NO;
				CLANG_ANALYZER_NONNULL = YES;
				CLANG_ANALYZER_NUMBER_OBJECT_CONVERSION = YES_AGGRESSIVE;
				CLANG_CXX_LANGUAGE_STANDARD = "gnu++14";
				CLANG_CXX_LIBRARY = "libc++";
				CLANG_ENABLE_MODULES = YES;
				CLANG_ENABLE_OBJC_ARC = YES;
				CLANG_ENABLE_OBJC_WEAK = YES;
				CLANG_WARN_BLOCK_CAPTURE_AUTORELEASING = YES;
				CLANG_WARN_BOOL_CONVERSION = YES;
				CLANG_WARN_COMMA = YES;
				CLANG_WARN_CONSTANT_CONVERSION = YES;
				CLANG_WARN_DEPRECATED_OBJC_IMPLEMENTATIONS = YES;
				CLANG_WARN_DIRECT_OBJC_ISA_USAGE = YES_ERROR;
				CLANG_WARN_DOCUMENTATION_COMMENTS = YES;
				CLANG_WARN_EMPTY_BODY = YES;
				CLANG_WARN_ENUM_CONVERSION = YES;
				CLANG_WARN_INFINITE_RECURSION = YES;
				CLANG_WARN_INT_CONVERSION = YES;
				CLANG_WARN_NON_LITERAL_NULL_CONVERSION = YES;
				CLANG_WARN_OBJC_IMPLICIT_RETAIN_SELF = YES;
				CLANG_WARN_OBJC_LITERAL_CONVERSION = YES;
				CLANG_WARN_OBJC_ROOT_CLASS = YES_ERROR;
				CLANG_WARN_QUOTED_INCLUDE_IN_FRAMEWORK_HEADER = YES;
				CLANG_WARN_RANGE_LOOP_ANALYSIS = YES;
				CLANG_WARN_STRICT_PROTOTYPES = YES;
				CLANG_WARN_SUSPICIOUS_MOVE = YES;
				CLANG_WARN_UNGUARDED_AVAILABILITY = YES_AGGRESSIVE;
				CLANG_WARN_UNREACHABLE_CODE = YES;
				CLANG_WARN__DUPLICATE_METHOD_MATCH = YES;
				COPY_PHASE_STRIP = NO;
				DEBUG_INFORMATION_FORMAT = "dwarf-with-dsym";
				ENABLE_NS_ASSERTIONS = NO;
				ENABLE_STRICT_OBJC_MSGSEND = YES;
				GCC_C_LANGUAGE_STANDARD = gnu11;
				GCC_NO_COMMON_BLOCKS = YES;
				GCC_WARN_64_TO_32_BIT_CONVERSION = YES;
				GCC_WARN_ABOUT_RETURN_TYPE = YES_ERROR;
				GCC_WARN_UNDECLARED_SELECTOR = YES;
				GCC_WARN_UNINITIALIZED_AUTOS = YES_AGGRESSIVE;
				GCC_WARN_UNUSED_FUNCTION = YES;
				GCC_WARN_UNUSED_VARIABLE = YES;
				IPHONEOS_DEPLOYMENT_TARGET = 13.0;
				MTL_ENABLE_DEBUG_INFO = NO;
				MTL_FAST_MATH = YES;
				SDKROOT = iphoneos;
				SWIFT_COMPILATION_MODE = wholemodule;
				SWIFT_OPTIMIZATION_LEVEL = "-O";
				VALIDATE_PRODUCT = YES;
			};
			name = Release;
		};
		6F413ADF26E663DB00D076DD /* Debug */ = {
			isa = XCBuildConfiguration;
			baseConfigurationReference = F37FBEA9F3F12222D8B5BDBE /* Pods-WGTTestApp.debug.xcconfig */;
			buildSettings = {
				ASSETCATALOG_COMPILER_APPICON_NAME = AppIcon;
				ASSETCATALOG_COMPILER_GLOBAL_ACCENT_COLOR_NAME = AccentColor;
				CODE_SIGN_STYLE = Automatic;
				DEVELOPMENT_TEAM = Y3J9DR9455;
				INFOPLIST_FILE = WGTTestApp/Info.plist;
				IPHONEOS_DEPLOYMENT_TARGET = 13.0;
				LD_RUNPATH_SEARCH_PATHS = (
					"$(inherited)",
					"@executable_path/Frameworks",
				);
				PRODUCT_BUNDLE_IDENTIFIER = KuzmichRoman.WGTTestApp;
				PRODUCT_NAME = "$(TARGET_NAME)";
				SWIFT_VERSION = 5.0;
				TARGETED_DEVICE_FAMILY = "1,2";
			};
			name = Debug;
		};
		6F413AE026E663DB00D076DD /* Release */ = {
			isa = XCBuildConfiguration;
			baseConfigurationReference = 642622CC782CE79659B42DC1 /* Pods-WGTTestApp.release.xcconfig */;
			buildSettings = {
				ASSETCATALOG_COMPILER_APPICON_NAME = AppIcon;
				ASSETCATALOG_COMPILER_GLOBAL_ACCENT_COLOR_NAME = AccentColor;
				CODE_SIGN_STYLE = Automatic;
				DEVELOPMENT_TEAM = Y3J9DR9455;
				INFOPLIST_FILE = WGTTestApp/Info.plist;
				IPHONEOS_DEPLOYMENT_TARGET = 13.0;
				LD_RUNPATH_SEARCH_PATHS = (
					"$(inherited)",
					"@executable_path/Frameworks",
				);
				PRODUCT_BUNDLE_IDENTIFIER = KuzmichRoman.WGTTestApp;
				PRODUCT_NAME = "$(TARGET_NAME)";
				SWIFT_VERSION = 5.0;
				TARGETED_DEVICE_FAMILY = "1,2";
			};
			name = Release;
		};
/* End XCBuildConfiguration section */

/* Begin XCConfigurationList section */
		6F413AC526E663BF00D076DD /* Build configuration list for PBXProject "WGTTestApp" */ = {
			isa = XCConfigurationList;
			buildConfigurations = (
				6F413ADC26E663DB00D076DD /* Debug */,
				6F413ADD26E663DB00D076DD /* Release */,
			);
			defaultConfigurationIsVisible = 0;
			defaultConfigurationName = Release;
		};
		6F413ADE26E663DB00D076DD /* Build configuration list for PBXNativeTarget "WGTTestApp" */ = {
			isa = XCConfigurationList;
			buildConfigurations = (
				6F413ADF26E663DB00D076DD /* Debug */,
				6F413AE026E663DB00D076DD /* Release */,
			);
			defaultConfigurationIsVisible = 0;
			defaultConfigurationName = Release;
		};
/* End XCConfigurationList section */
	};
	rootObject = 6F413AC226E663BF00D076DD /* Project object */;
}
